// !$*UTF8*$!
{
	archiveVersion = 1;
	classes = {
	};
	objectVersion = 55;
	objects = {

/* Begin PBXBuildFile section */
		5C3C482028863DEF00977BAB /* AppDelegate.swift in Sources */ = {isa = PBXBuildFile; fileRef = 5C3C481F28863DEF00977BAB /* AppDelegate.swift */; };
		5C3C482228863DEF00977BAB /* SceneDelegate.swift in Sources */ = {isa = PBXBuildFile; fileRef = 5C3C482128863DEF00977BAB /* SceneDelegate.swift */; };
		5C3C482728863DEF00977BAB /* Main.storyboard in Resources */ = {isa = PBXBuildFile; fileRef = 5C3C482528863DEF00977BAB /* Main.storyboard */; };
		5C3C482A28863DEF00977BAB /* to_do_list.xcdatamodeld in Sources */ = {isa = PBXBuildFile; fileRef = 5C3C482828863DEF00977BAB /* to_do_list.xcdatamodeld */; };
		5C3C482C28863DF000977BAB /* Assets.xcassets in Resources */ = {isa = PBXBuildFile; fileRef = 5C3C482B28863DF000977BAB /* Assets.xcassets */; };
		5C3C482F28863DF000977BAB /* LaunchScreen.storyboard in Resources */ = {isa = PBXBuildFile; fileRef = 5C3C482D28863DF000977BAB /* LaunchScreen.storyboard */; };
		5CCA755228863F1E00995A45 /* ToDoTableViewController.swift in Sources */ = {isa = PBXBuildFile; fileRef = 5CCA755128863F1E00995A45 /* ToDoTableViewController.swift */; };
		5CCA755428863F3F00995A45 /* ToDo.swift in Sources */ = {isa = PBXBuildFile; fileRef = 5CCA755328863F3F00995A45 /* ToDo.swift */; };
		5CCA7556288670AE00995A45 /* AddToDoViewController.swift in Sources */ = {isa = PBXBuildFile; fileRef = 5CCA7555288670AE00995A45 /* AddToDoViewController.swift */; };
		5CCA755828867EB500995A45 /* CompleteToDoViewController.swift in Sources */ = {isa = PBXBuildFile; fileRef = 5CCA755728867EB500995A45 /* CompleteToDoViewController.swift */; };
/* End PBXBuildFile section */

/* Begin PBXFileReference section */
		5C3C481C28863DEF00977BAB /* to-do-list.app */ = {isa = PBXFileReference; explicitFileType = wrapper.application; includeInIndex = 0; path = "to-do-list.app"; sourceTree = BUILT_PRODUCTS_DIR; };
		5C3C481F28863DEF00977BAB /* AppDelegate.swift */ = {isa = PBXFileReference; lastKnownFileType = sourcecode.swift; path = AppDelegate.swift; sourceTree = "<group>"; };
		5C3C482128863DEF00977BAB /* SceneDelegate.swift */ = {isa = PBXFileReference; lastKnownFileType = sourcecode.swift; path = SceneDelegate.swift; sourceTree = "<group>"; };
		5C3C482628863DEF00977BAB /* Base */ = {isa = PBXFileReference; lastKnownFileType = file.storyboard; name = Base; path = Base.lproj/Main.storyboard; sourceTree = "<group>"; };
		5C3C482928863DEF00977BAB /* to_do_list.xcdatamodel */ = {isa = PBXFileReference; lastKnownFileType = wrapper.xcdatamodel; path = to_do_list.xcdatamodel; sourceTree = "<group>"; };
		5C3C482B28863DF000977BAB /* Assets.xcassets */ = {isa = PBXFileReference; lastKnownFileType = folder.assetcatalog; path = Assets.xcassets; sourceTree = "<group>"; };
		5C3C482E28863DF000977BAB /* Base */ = {isa = PBXFileReference; lastKnownFileType = file.storyboard; name = Base; path = Base.lproj/LaunchScreen.storyboard; sourceTree = "<group>"; };
		5C3C483028863DF000977BAB /* Info.plist */ = {isa = PBXFileReference; lastKnownFileType = text.plist.xml; path = Info.plist; sourceTree = "<group>"; };
		5CCA755128863F1E00995A45 /* ToDoTableViewController.swift */ = {isa = PBXFileReference; lastKnownFileType = sourcecode.swift; path = ToDoTableViewController.swift; sourceTree = "<group>"; };
		5CCA755328863F3F00995A45 /* ToDo.swift */ = {isa = PBXFileReference; lastKnownFileType = sourcecode.swift; path = ToDo.swift; sourceTree = "<group>"; };
		5CCA7555288670AE00995A45 /* AddToDoViewController.swift */ = {isa = PBXFileReference; lastKnownFileType = sourcecode.swift; path = AddToDoViewController.swift; sourceTree = "<group>"; };
		5CCA755728867EB500995A45 /* CompleteToDoViewController.swift */ = {isa = PBXFileReference; lastKnownFileType = sourcecode.swift; path = CompleteToDoViewController.swift; sourceTree = "<group>"; };
/* End PBXFileReference section */

/* Begin PBXFrameworksBuildPhase section */
		5C3C481928863DEF00977BAB /* Frameworks */ = {
			isa = PBXFrameworksBuildPhase;
			buildActionMask = 2147483647;
			files = (
			);
			runOnlyForDeploymentPostprocessing = 0;
		};
/* End PBXFrameworksBuildPhase section */

/* Begin PBXGroup section */
		5C3C481328863DEF00977BAB = {
			isa = PBXGroup;
			children = (
				5C3C481E28863DEF00977BAB /* to-do-list */,
				5C3C481D28863DEF00977BAB /* Products */,
			);
			sourceTree = "<group>";
		};
		5C3C481D28863DEF00977BAB /* Products */ = {
			isa = PBXGroup;
			children = (
				5C3C481C28863DEF00977BAB /* to-do-list.app */,
			);
			name = Products;
			sourceTree = "<group>";
		};
		5C3C481E28863DEF00977BAB /* to-do-list */ = {
			isa = PBXGroup;
			children = (
				5C3C481F28863DEF00977BAB /* AppDelegate.swift */,
				5C3C482128863DEF00977BAB /* SceneDelegate.swift */,
				5CCA755128863F1E00995A45 /* ToDoTableViewController.swift */,
				5CCA755328863F3F00995A45 /* ToDo.swift */,
				5CCA7555288670AE00995A45 /* AddToDoViewController.swift */,
				5C3C482528863DEF00977BAB /* Main.storyboard */,
				5CCA755728867EB500995A45 /* CompleteToDoViewController.swift */,
				5C3C482B28863DF000977BAB /* Assets.xcassets */,
				5C3C482D28863DF000977BAB /* LaunchScreen.storyboard */,
				5C3C483028863DF000977BAB /* Info.plist */,
				5C3C482828863DEF00977BAB /* to_do_list.xcdatamodeld */,
			);
			path = "to-do-list";
			sourceTree = "<group>";
		};
/* End PBXGroup section */

/* Begin PBXNativeTarget section */
		5C3C481B28863DEF00977BAB /* to-do-list */ = {
			isa = PBXNativeTarget;
			buildConfigurationList = 5C3C483328863DF000977BAB /* Build configuration list for PBXNativeTarget "to-do-list" */;
			buildPhases = (
				5C3C481828863DEF00977BAB /* Sources */,
				5C3C481928863DEF00977BAB /* Frameworks */,
				5C3C481A28863DEF00977BAB /* Resources */,
			);
			buildRules = (
			);
			dependencies = (
			);
			name = "to-do-list";
			productName = "to-do-list";
			productReference = 5C3C481C28863DEF00977BAB /* to-do-list.app */;
			productType = "com.apple.product-type.application";
		};
/* End PBXNativeTarget section */

/* Begin PBXProject section */
		5C3C481428863DEF00977BAB /* Project object */ = {
			isa = PBXProject;
			attributes = {
				BuildIndependentTargetsInParallel = 1;
				LastSwiftUpdateCheck = 1340;
				LastUpgradeCheck = 1340;
				TargetAttributes = {
					5C3C481B28863DEF00977BAB = {
						CreatedOnToolsVersion = 13.4.1;
					};
				};
			};
			buildConfigurationList = 5C3C481728863DEF00977BAB /* Build configuration list for PBXProject "to-do-list" */;
			compatibilityVersion = "Xcode 13.0";
			developmentRegion = en;
			hasScannedForEncodings = 0;
			knownRegions = (
				en,
				Base,
			);
			mainGroup = 5C3C481328863DEF00977BAB;
			productRefGroup = 5C3C481D28863DEF00977BAB /* Products */;
			projectDirPath = "";
			projectRoot = "";
			targets = (
				5C3C481B28863DEF00977BAB /* to-do-list */,
			);
		};
/* End PBXProject section */

/* Begin PBXResourcesBuildPhase section */
		5C3C481A28863DEF00977BAB /* Resources */ = {
			isa = PBXResourcesBuildPhase;
			buildActionMask = 2147483647;
			files = (
				5C3C482F28863DF000977BAB /* LaunchScreen.storyboard in Resources */,
				5C3C482C28863DF000977BAB /* Assets.xcassets in Resources */,
				5C3C482728863DEF00977BAB /* Main.storyboard in Resources */,
			);
			runOnlyForDeploymentPostprocessing = 0;
		};
/* End PBXResourcesBuildPhase section */

/* Begin PBXSourcesBuildPhase section */
		5C3C481828863DEF00977BAB /* Sources */ = {
			isa = PBXSourcesBuildPhase;
			buildActionMask = 2147483647;
			files = (
				5C3C482028863DEF00977BAB /* AppDelegate.swift in Sources */,
				5CCA755428863F3F00995A45 /* ToDo.swift in Sources */,
				5CCA755228863F1E00995A45 /* ToDoTableViewController.swift in Sources */,
				5CCA755828867EB500995A45 /* CompleteToDoViewController.swift in Sources */,
				5C3C482228863DEF00977BAB /* SceneDelegate.swift in Sources */,
				5CCA7556288670AE00995A45 /* AddToDoViewController.swift in Sources */,
				5C3C482A28863DEF00977BAB /* to_do_list.xcdatamodeld in Sources */,
			);
			runOnlyForDeploymentPostprocessing = 0;
		};
/* End PBXSourcesBuildPhase section */

/* Begin PBXVariantGroup section */
		5C3C482528863DEF00977BAB /* Main.storyboard */ = {
			isa = PBXVariantGroup;
			children = (
				5C3C482628863DEF00977BAB /* Base */,
			);
			name = Main.storyboard;
			sourceTree = "<group>";
		};
		5C3C482D28863DF000977BAB /* LaunchScreen.storyboard */ = {
			isa = PBXVariantGroup;
			children = (
				5C3C482E28863DF000977BAB /* Base */,
			);
			name = LaunchScreen.storyboard;
			sourceTree = "<group>";
		};
/* End PBXVariantGroup section */

/* Begin XCBuildConfiguration section */
		5C3C483128863DF000977BAB /* Debug */ = {
			isa = XCBuildConfiguration;
			buildSettings = {
				ALWAYS_SEARCH_USER_PATHS = NO;
				CLANG_ANALYZER_NONNULL = YES;
				CLANG_ANALYZER_NUMBER_OBJECT_CONVERSION = YES_AGGRESSIVE;
				CLANG_CXX_LANGUAGE_STANDARD = "gnu++17";
				CLANG_ENABLE_MODULES = YES;
				CLANG_ENABLE_OBJC_ARC = YES;
				CLANG_ENABLE_OBJC_WEAK = YES;
				CLANG_WARN_BLOCK_CAPTURE_AUTORELEASING = YES;
				CLANG_WARN_BOOL_CONVERSION = YES;
				CLANG_WARN_COMMA = YES;
				CLANG_WARN_CONSTANT_CONVERSION = YES;
				CLANG_WARN_DEPRECATED_OBJC_IMPLEMENTATIONS = YES;
				CLANG_WARN_DIRECT_OBJC_ISA_USAGE = YES_ERROR;
				CLANG_WARN_DOCUMENTATION_COMMENTS = YES;
				CLANG_WARN_EMPTY_BODY = YES;
				CLANG_WARN_ENUM_CONVERSION = YES;
				CLANG_WARN_INFINITE_RECURSION = YES;
				CLANG_WARN_INT_CONVERSION = YES;
				CLANG_WARN_NON_LITERAL_NULL_CONVERSION = YES;
				CLANG_WARN_OBJC_IMPLICIT_RETAIN_SELF = YES;
				CLANG_WARN_OBJC_LITERAL_CONVERSION = YES;
				CLANG_WARN_OBJC_ROOT_CLASS = YES_ERROR;
				CLANG_WARN_QUOTED_INCLUDE_IN_FRAMEWORK_HEADER = YES;
				CLANG_WARN_RANGE_LOOP_ANALYSIS = YES;
				CLANG_WARN_STRICT_PROTOTYPES = YES;
				CLANG_WARN_SUSPICIOUS_MOVE = YES;
				CLANG_WARN_UNGUARDED_AVAILABILITY = YES_AGGRESSIVE;
				CLANG_WARN_UNREACHABLE_CODE = YES;
				CLANG_WARN__DUPLICATE_METHOD_MATCH = YES;
				COPY_PHASE_STRIP = NO;
				DEBUG_INFORMATION_FORMAT = dwarf;
				ENABLE_STRICT_OBJC_MSGSEND = YES;
				ENABLE_TESTABILITY = YES;
				GCC_C_LANGUAGE_STANDARD = gnu11;
				GCC_DYNAMIC_NO_PIC = NO;
				GCC_NO_COMMON_BLOCKS = YES;
				GCC_OPTIMIZATION_LEVEL = 0;
				GCC_PREPROCESSOR_DEFINITIONS = (
					"DEBUG=1",
					"$(inherited)",
				);
				GCC_WARN_64_TO_32_BIT_CONVERSION = YES;
				GCC_WARN_ABOUT_RETURN_TYPE = YES_ERROR;
				GCC_WARN_UNDECLARED_SELECTOR = YES;
				GCC_WARN_UNINITIALIZED_AUTOS = YES_AGGRESSIVE;
				GCC_WARN_UNUSED_FUNCTION = YES;
				GCC_WARN_UNUSED_VARIABLE = YES;
				IPHONEOS_DEPLOYMENT_TARGET = 15.5;
				MTL_ENABLE_DEBUG_INFO = INCLUDE_SOURCE;
				MTL_FAST_MATH = YES;
				ONLY_ACTIVE_ARCH = YES;
				SDKROOT = iphoneos;
				SWIFT_ACTIVE_COMPILATION_CONDITIONS = DEBUG;
				SWIFT_OPTIMIZATION_LEVEL = "-Onone";
			};
			name = Debug;
		};
		5C3C483228863DF000977BAB /* Release */ = {
			isa = XCBuildConfiguration;
			buildSettings = {
				ALWAYS_SEARCH_USER_PATHS = NO;
				CLANG_ANALYZER_NONNULL = YES;
				CLANG_ANALYZER_NUMBER_OBJECT_CONVERSION = YES_AGGRESSIVE;
				CLANG_CXX_LANGUAGE_STANDARD = "gnu++17";
				CLANG_ENABLE_MODULES = YES;
				CLANG_ENABLE_OBJC_ARC = YES;
				CLANG_ENABLE_OBJC_WEAK = YES;
				CLANG_WARN_BLOCK_CAPTURE_AUTORELEASING = YES;
				CLANG_WARN_BOOL_CONVERSION = YES;
				CLANG_WARN_COMMA = YES;
				CLANG_WARN_CONSTANT_CONVERSION = YES;
				CLANG_WARN_DEPRECATED_OBJC_IMPLEMENTATIONS = YES;
				CLANG_WARN_DIRECT_OBJC_ISA_USAGE = YES_ERROR;
				CLANG_WARN_DOCUMENTATION_COMMENTS = YES;
				CLANG_WARN_EMPTY_BODY = YES;
				CLANG_WARN_ENUM_CONVERSION = YES;
				CLANG_WARN_INFINITE_RECURSION = YES;
				CLANG_WARN_INT_CONVERSION = YES;
				CLANG_WARN_NON_LITERAL_NULL_CONVERSION = YES;
				CLANG_WARN_OBJC_IMPLICIT_RETAIN_SELF = YES;
				CLANG_WARN_OBJC_LITERAL_CONVERSION = YES;
				CLANG_WARN_OBJC_ROOT_CLASS = YES_ERROR;
				CLANG_WARN_QUOTED_INCLUDE_IN_FRAMEWORK_HEADER = YES;
				CLANG_WARN_RANGE_LOOP_ANALYSIS = YES;
				CLANG_WARN_STRICT_PROTOTYPES = YES;
				CLANG_WARN_SUSPICIOUS_MOVE = YES;
				CLANG_WARN_UNGUARDED_AVAILABILITY = YES_AGGRESSIVE;
				CLANG_WARN_UNREACHABLE_CODE = YES;
				CLANG_WARN__DUPLICATE_METHOD_MATCH = YES;
				COPY_PHASE_STRIP = NO;
				DEBUG_INFORMATION_FORMAT = "dwarf-with-dsym";
				ENABLE_NS_ASSERTIONS = NO;
				ENABLE_STRICT_OBJC_MSGSEND = YES;
				GCC_C_LANGUAGE_STANDARD = gnu11;
				GCC_NO_COMMON_BLOCKS = YES;
				GCC_WARN_64_TO_32_BIT_CONVERSION = YES;
				GCC_WARN_ABOUT_RETURN_TYPE = YES_ERROR;
				GCC_WARN_UNDECLARED_SELECTOR = YES;
				GCC_WARN_UNINITIALIZED_AUTOS = YES_AGGRESSIVE;
				GCC_WARN_UNUSED_FUNCTION = YES;
				GCC_WARN_UNUSED_VARIABLE = YES;
				IPHONEOS_DEPLOYMENT_TARGET = 15.5;
				MTL_ENABLE_DEBUG_INFO = NO;
				MTL_FAST_MATH = YES;
				SDKROOT = iphoneos;
				SWIFT_COMPILATION_MODE = wholemodule;
				SWIFT_OPTIMIZATION_LEVEL = "-O";
				VALIDATE_PRODUCT = YES;
			};
			name = Release;
		};
		5C3C483428863DF000977BAB /* Debug */ = {
			isa = XCBuildConfiguration;
			buildSettings = {
				ASSETCATALOG_COMPILER_APPICON_NAME = AppIcon;
				ASSETCATALOG_COMPILER_GLOBAL_ACCENT_COLOR_NAME = AccentColor;
				CODE_SIGN_STYLE = Automatic;
				CURRENT_PROJECT_VERSION = 1;
				GENERATE_INFOPLIST_FILE = YES;
				INFOPLIST_FILE = "to-do-list/Info.plist";
				INFOPLIST_KEY_UIApplicationSupportsIndirectInputEvents = YES;
				INFOPLIST_KEY_UILaunchStoryboardName = LaunchScreen;
				INFOPLIST_KEY_UIMainStoryboardFile = Main;
				INFOPLIST_KEY_UISupportedInterfaceOrientations_iPad = "UIInterfaceOrientationPortrait UIInterfaceOrientationPortraitUpsideDown UIInterfaceOrientationLandscapeLeft UIInterfaceOrientationLandscapeRight";
				INFOPLIST_KEY_UISupportedInterfaceOrientations_iPhone = "UIInterfaceOrientationPortrait UIInterfaceOrientationLandscapeLeft UIInterfaceOrientationLandscapeRight";
				LD_RUNPATH_SEARCH_PATHS = (
					"$(inherited)",
					"@executable_path/Frameworks",
				);
				MARKETING_VERSION = 1.0;
				PRODUCT_BUNDLE_IDENTIFIER = "erikachiu.to-do-list";
				PRODUCT_NAME = "$(TARGET_NAME)";
				SWIFT_EMIT_LOC_STRINGS = YES;
				SWIFT_VERSION = 5.0;
				TARGETED_DEVICE_FAMILY = "1,2";
			};
			name = Debug;
		};
		5C3C483528863DF000977BAB /* Release */ = {
			isa = XCBuildConfiguration;
			buildSettings = {
				ASSETCATALOG_COMPILER_APPICON_NAME = AppIcon;
				ASSETCATALOG_COMPILER_GLOBAL_ACCENT_COLOR_NAME = AccentColor;
				CODE_SIGN_STYLE = Automatic;
				CURRENT_PROJECT_VERSION = 1;
				GENERATE_INFOPLIST_FILE = YES;
				INFOPLIST_FILE = "to-do-list/Info.plist";
				INFOPLIST_KEY_UIApplicationSupportsIndirectInputEvents = YES;
				INFOPLIST_KEY_UILaunchStoryboardName = LaunchScreen;
				INFOPLIST_KEY_UIMainStoryboardFile = Main;
				INFOPLIST_KEY_UISupportedInterfaceOrientations_iPad = "UIInterfaceOrientationPortrait UIInterfaceOrientationPortraitUpsideDown UIInterfaceOrientationLandscapeLeft UIInterfaceOrientationLandscapeRight";
				INFOPLIST_KEY_UISupportedInterfaceOrientations_iPhone = "UIInterfaceOrientationPortrait UIInterfaceOrientationLandscapeLeft UIInterfaceOrientationLandscapeRight";
				LD_RUNPATH_SEARCH_PATHS = (
					"$(inherited)",
					"@executable_path/Frameworks",
				);
				MARKETING_VERSION = 1.0;
				PRODUCT_BUNDLE_IDENTIFIER = "erikachiu.to-do-list";
				PRODUCT_NAME = "$(TARGET_NAME)";
				SWIFT_EMIT_LOC_STRINGS = YES;
				SWIFT_VERSION = 5.0;
				TARGETED_DEVICE_FAMILY = "1,2";
			};
			name = Release;
		};
/* End XCBuildConfiguration section */

/* Begin XCConfigurationList section */
		5C3C481728863DEF00977BAB /* Build configuration list for PBXProject "to-do-list" */ = {
			isa = XCConfigurationList;
			buildConfigurations = (
				5C3C483128863DF000977BAB /* Debug */,
				5C3C483228863DF000977BAB /* Release */,
			);
			defaultConfigurationIsVisible = 0;
			defaultConfigurationName = Release;
		};
		5C3C483328863DF000977BAB /* Build configuration list for PBXNativeTarget "to-do-list" */ = {
			isa = XCConfigurationList;
			buildConfigurations = (
				5C3C483428863DF000977BAB /* Debug */,
				5C3C483528863DF000977BAB /* Release */,
			);
			defaultConfigurationIsVisible = 0;
			defaultConfigurationName = Release;
		};
/* End XCConfigurationList section */

/* Begin XCVersionGroup section */
		5C3C482828863DEF00977BAB /* to_do_list.xcdatamodeld */ = {
			isa = XCVersionGroup;
			children = (
				5C3C482928863DEF00977BAB /* to_do_list.xcdatamodel */,
			);
			currentVersion = 5C3C482928863DEF00977BAB /* to_do_list.xcdatamodel */;
			path = to_do_list.xcdatamodeld;
			sourceTree = "<group>";
			versionGroupType = wrapper.xcdatamodel;
		};
/* End XCVersionGroup section */
	};
	rootObject = 5C3C481428863DEF00977BAB /* Project object */;
}
